
Microsoft Visual Studio Solution File, Format Version 12.00
# Visual Studio 15
VisualStudioVersion = 15.0.28307.168
MinimumVisualStudioVersion = 10.0.40219.1
Project("{FAE04EC0-301F-11D3-BF4B-00C04F79EFBC}") = "Upload_Sample", "Upload_Sample\Upload_Sample.csproj", "{DA94C6FD-B0F0-4C19-99EE-138AD9885234}"
EndProject
Global
	GlobalSection(SolutionConfigurationPlatforms) = preSolution
		Debug|Any CPU = Debug|Any CPU
		Release|Any CPU = Release|Any CPU
	EndGlobalSection
	GlobalSection(ProjectConfigurationPlatforms) = postSolution
		{DA94C6FD-B0F0-4C19-99EE-138AD9885234}.Debug|Any CPU.ActiveCfg = Debug|Any CPU
		{DA94C6FD-B0F0-4C19-99EE-138AD9885234}.Debug|Any CPU.Build.0 = Debug|Any CPU
		{DA94C6FD-B0F0-4C19-99EE-138AD9885234}.Release|Any CPU.ActiveCfg = Release|Any CPU
		{DA94C6FD-B0F0-4C19-99EE-138AD9885234}.Release|Any CPU.Build.0 = Release|Any CPU
	EndGlobalSection
	GlobalSection(SolutionProperties) = preSolution
		HideSolutionNode = FALSE
	EndGlobalSection
	GlobalSection(ExtensibilityGlobals) = postSolution
		SolutionGuid = {49D1C992-240C-4535-BBCF-01E91B92CCE1}
	EndGlobalSection
EndGlobal
